
Microsoft Visual Studio Solution File, Format Version 12.00
# Visual Studio Express 2013 for Windows Desktop
VisualStudioVersion = 12.0.21005.1
MinimumVisualStudioVersion = 10.0.40219.1
Project("{8BC9CEB8-8B4A-11D0-8D11-00A0C91BC942}") = "TestApp", "TestApp\TestApp.vcxproj", "{70A7C029-0F65-419A-AF0E-DEBD250A0EAA}"
	ProjectSection(ProjectDependencies) = postProject
		{EBC14368-6B3F-463A-AE41-CBFC5BC91B60} = {EBC14368-6B3F-463A-AE41-CBFC5BC91B60}
		{D2DCEB83-CF98-4D54-9803-313D50B49543} = {D2DCEB83-CF98-4D54-9803-313D50B49543}
		{AE2C68B9-7752-461B-99F3-3D873F8AEF90} = {AE2C68B9-7752-461B-99F3-3D873F8AEF90}
	EndProjectSection
EndProject
Project("{8BC9CEB8-8B4A-11D0-8D11-00A0C91BC942}") = "Threads", "..\Threads\Threads\Threads.vcxproj", "{AE2C68B9-7752-461B-99F3-3D873F8AEF90}"
EndProject
Project("{8BC9CEB8-8B4A-11D0-8D11-00A0C91BC942}") = "Core", "..\Core\Core\Core.vcxproj", "{D2DCEB83-CF98-4D54-9803-313D50B49543}"
EndProject
Project("{8BC9CEB8-8B4A-11D0-8D11-00A0C91BC942}") = "Math", "..\Math\Math\Math.vcxproj", "{EBC14368-6B3F-463A-AE41-CBFC5BC91B60}"
EndProject
Project("{8BC9CEB8-8B4A-11D0-8D11-00A0C91BC942}") = "Mem", "..\Mem\Mem\Mem.vcxproj", "{BB1016BC-DBA1-4350-9150-059625CF4404}"
EndProject
Global
	GlobalSection(SolutionConfigurationPlatforms) = preSolution
		Debug|Win32 = Debug|Win32
		Final|Win32 = Final|Win32
		Profile|Win32 = Profile|Win32
		Release|Win32 = Release|Win32
	EndGlobalSection
	GlobalSection(ProjectConfigurationPlatforms) = postSolution
		{70A7C029-0F65-419A-AF0E-DEBD250A0EAA}.Debug|Win32.ActiveCfg = Debug|Win32
		{70A7C029-0F65-419A-AF0E-DEBD250A0EAA}.Debug|Win32.Build.0 = Debug|Win32
		{70A7C029-0F65-419A-AF0E-DEBD250A0EAA}.Final|Win32.ActiveCfg = Final|Win32
		{70A7C029-0F65-419A-AF0E-DEBD250A0EAA}.Final|Win32.Build.0 = Final|Win32
		{70A7C029-0F65-419A-AF0E-DEBD250A0EAA}.Profile|Win32.ActiveCfg = Profile|Win32
		{70A7C029-0F65-419A-AF0E-DEBD250A0EAA}.Profile|Win32.Build.0 = Profile|Win32
		{70A7C029-0F65-419A-AF0E-DEBD250A0EAA}.Release|Win32.ActiveCfg = Release|Win32
		{70A7C029-0F65-419A-AF0E-DEBD250A0EAA}.Release|Win32.Build.0 = Release|Win32
		{AE2C68B9-7752-461B-99F3-3D873F8AEF90}.Debug|Win32.ActiveCfg = Debug|Win32
		{AE2C68B9-7752-461B-99F3-3D873F8AEF90}.Debug|Win32.Build.0 = Debug|Win32
		{AE2C68B9-7752-461B-99F3-3D873F8AEF90}.Final|Win32.ActiveCfg = Final|Win32
		{AE2C68B9-7752-461B-99F3-3D873F8AEF90}.Final|Win32.Build.0 = Final|Win32
		{AE2C68B9-7752-461B-99F3-3D873F8AEF90}.Profile|Win32.ActiveCfg = Profile|Win32
		{AE2C68B9-7752-461B-99F3-3D873F8AEF90}.Profile|Win32.Build.0 = Profile|Win32
		{AE2C68B9-7752-461B-99F3-3D873F8AEF90}.Release|Win32.ActiveCfg = Release|Win32
		{AE2C68B9-7752-461B-99F3-3D873F8AEF90}.Release|Win32.Build.0 = Release|Win32
		{D2DCEB83-CF98-4D54-9803-313D50B49543}.Debug|Win32.ActiveCfg = Debug|Win32
		{D2DCEB83-CF98-4D54-9803-313D50B49543}.Debug|Win32.Build.0 = Debug|Win32
		{D2DCEB83-CF98-4D54-9803-313D50B49543}.Final|Win32.ActiveCfg = Final|Win32
		{D2DCEB83-CF98-4D54-9803-313D50B49543}.Final|Win32.Build.0 = Final|Win32
		{D2DCEB83-CF98-4D54-9803-313D50B49543}.Profile|Win32.ActiveCfg = Profile|Win32
		{D2DCEB83-CF98-4D54-9803-313D50B49543}.Profile|Win32.Build.0 = Profile|Win32
		{D2DCEB83-CF98-4D54-9803-313D50B49543}.Release|Win32.ActiveCfg = Release|Win32
		{D2DCEB83-CF98-4D54-9803-313D50B49543}.Release|Win32.Build.0 = Release|Win32
		{EBC14368-6B3F-463A-AE41-CBFC5BC91B60}.Debug|Win32.ActiveCfg = Debug|Win32
		{EBC14368-6B3F-463A-AE41-CBFC5BC91B60}.Debug|Win32.Build.0 = Debug|Win32
		{EBC14368-6B3F-463A-AE41-CBFC5BC91B60}.Final|Win32.ActiveCfg = Final|Win32
		{EBC14368-6B3F-463A-AE41-CBFC5BC91B60}.Final|Win32.Build.0 = Final|Win32
		{EBC14368-6B3F-463A-AE41-CBFC5BC91B60}.Profile|Win32.ActiveCfg = Profile|Win32
		{EBC14368-6B3F-463A-AE41-CBFC5BC91B60}.Profile|Win32.Build.0 = Profile|Win32
		{EBC14368-6B3F-463A-AE41-CBFC5BC91B60}.Release|Win32.ActiveCfg = Release|Win32
		{EBC14368-6B3F-463A-AE41-CBFC5BC91B60}.Release|Win32.Build.0 = Release|Win32
		{BB1016BC-DBA1-4350-9150-059625CF4404}.Debug|Win32.ActiveCfg = Debug|Win32
		{BB1016BC-DBA1-4350-9150-059625CF4404}.Debug|Win32.Build.0 = Debug|Win32
		{BB1016BC-DBA1-4350-9150-059625CF4404}.Final|Win32.ActiveCfg = Final|Win32
		{BB1016BC-DBA1-4350-9150-059625CF4404}.Final|Win32.Build.0 = Final|Win32
		{BB1016BC-DBA1-4350-9150-059625CF4404}.Profile|Win32.ActiveCfg = Profile|Win32
		{BB1016BC-DBA1-4350-9150-059625CF4404}.Profile|Win32.Build.0 = Profile|Win32
		{BB1016BC-DBA1-4350-9150-059625CF4404}.Release|Win32.ActiveCfg = Release|Win32
		{BB1016BC-DBA1-4350-9150-059625CF4404}.Release|Win32.Build.0 = Release|Win32
	EndGlobalSection
	GlobalSection(SolutionProperties) = preSolution
		HideSolutionNode = FALSE
	EndGlobalSection
EndGlobal
