<?xml version="1.0" encoding="utf-8"?>
<Project ToolsVersion="4.0" xmlns="http://schemas.microsoft.com/developer/msbuild/2003">
  <ItemGroup>
    <ClInclude Include="..\..\..\Source\Math\Vector1.h" />
    <ClInclude Include="..\..\..\Source\Math\Constants.h" />
    <ClInclude Include="..\..\..\Source\Math\Vector.h" />
    <ClInclude Include="..\..\..\Source\Math\Vector2.h" />
    <ClInclude Include="..\..\..\Source\Math\Vector3.h" />
    <ClInclude Include="..\..\..\Source\Math\Vector4.h" />
    <ClInclude Include="..\..\..\Source\Math\Math.h" />
    <ClInclude Include="..\..\..\Source\Math\Matrix33.h" />
    <ClInclude Include="..\..\..\Source\Math\Matrix44.h" />
  </ItemGroup>
  <ItemGroup>
    <None Include="..\..\..\Source\Math\Vector1.inl" />
    <None Include="..\..\..\Source\Math\Vector2.inl" />
    <None Include="..\..\..\Source\Math\Vector3.inl" />
    <None Include="..\..\..\Source\Math\Vector4.inl" />
    <None Include="..\..\..\Source\Math\Matrix33.inl" />
    <None Include="..\..\..\Source\Math\Matrix44.inl" />
    <None Include="..\..\..\Source\Math\Math.inl" />
  </ItemGroup>
  <ItemGroup>
    <ClCompile Include="..\..\..\Source\Math\Vector.cpp" />
  </ItemGroup>
</Project>