<?xml version="1.0" encoding="utf-8"?>
<Project ToolsVersion="4.0" xmlns="http://schemas.microsoft.com/developer/msbuild/2003">
  <ItemGroup>
    <Filter Include="Allocator">
      <UniqueIdentifier>{9bf52c34-30a6-438b-b336-1299d7f81c58}</UniqueIdentifier>
    </Filter>
  </ItemGroup>
  <ItemGroup>
    <ClInclude Include="..\..\..\Source\Mem\Allocator\Allocator.h">
      <Filter>Allocator</Filter>
    </ClInclude>
    <ClInclude Include="..\..\..\Source\Mem\AllocationParams.h" />
    <ClInclude Include="..\..\..\Source\Mem\Allocator\GlobalAllocationPolicy.h">
      <Filter>Allocator</Filter>
    </ClInclude>
  </ItemGroup>
  <ItemGroup>
    <None Include="..\..\..\Source\Mem\Allocator\Allocator.inl">
      <Filter>Allocator</Filter>
    </None>
    <None Include="..\..\..\Source\Mem\Allocator\GlobalAllocationPolicy.inl">
      <Filter>Allocator</Filter>
    </None>
  </ItemGroup>
  <ItemGroup>
  </ItemGroup>
</Project>